
Microsoft Visual Studio Solution File, Format Version 12.00
# Visual Studio Version 17
VisualStudioVersion = 17.11.35312.102
MinimumVisualStudioVersion = 10.0.40219.1
Project("{2150E333-8FDC-42A3-9474-1A3956D46DE8}") = "Cores", "Cores", "{BEADACA2-68CB-47B7-B22A-B57018FA6ED5}"
EndProject
Project("{2150E333-8FDC-42A3-9474-1A3956D46DE8}") = "Clients", "Clients", "{6F89AD58-0B1C-484A-899B-1F53F3DEC5D2}"
EndProject
Project("{2150E333-8FDC-42A3-9474-1A3956D46DE8}") = "Entities", "Entities", "{DAAEC522-343C-47CB-9A91-CA702EF891D4}"
EndProject
Project("{2150E333-8FDC-42A3-9474-1A3956D46DE8}") = "Adapters", "Adapters", "{64E20B58-4FF1-453F-BC5A-5C69D12BCFDE}"
EndProject
Project("{9A19103F-16F7-4668-BE54-9A1E7A4F7556}") = "DosPinos.HRMS.Entities", "DosPinos.HRMS.Entities\DosPinos.HRMS.Entities.csproj", "{3703FDC3-9E97-4263-90AB-F87156E6A82F}"
EndProject
Project("{9A19103F-16F7-4668-BE54-9A1E7A4F7556}") = "DosPinos.HRMS.BusinessLogic", "DosPinos.HRMS.BusinessLogic\DosPinos.HRMS.BusinessLogic.csproj", "{F33BCEA1-8C7B-4B54-9D37-A91E5F740EDB}"
EndProject
Project("{9A19103F-16F7-4668-BE54-9A1E7A4F7556}") = "DosPinos.HRMS.BusinessObjects", "DosPinos.HRMS.BusinessObjects\DosPinos.HRMS.BusinessObjects.csproj", "{769B07F0-A475-4D17-A20E-6EFD2AB6CAB2}"
EndProject
Project("{2150E333-8FDC-42A3-9474-1A3956D46DE8}") = "Controllers", "Controllers", "{F425083F-318A-4AA1-B14A-13430ABE9D1D}"
EndProject
Project("{2150E333-8FDC-42A3-9474-1A3956D46DE8}") = "Presenters", "Presenters", "{CC1FBAA0-0099-49DA-B246-7AB243271004}"
EndProject
Project("{2150E333-8FDC-42A3-9474-1A3956D46DE8}") = "Gateways", "Gateways", "{11AC92AD-6287-405B-B4A8-AFA2DA4807F2}"
EndProject
Project("{9A19103F-16F7-4668-BE54-9A1E7A4F7556}") = "DosPinos.HRMS.IoC", "DosPinos.HRMS.IoC\DosPinos.HRMS.IoC.csproj", "{9E908BA5-462D-4217-BDE5-4AAB07AC382B}"
EndProject
Project("{9A19103F-16F7-4668-BE54-9A1E7A4F7556}") = "DosPinos.HRMS.Presenters", "DosPinos.HRMS.Presenters\DosPinos.HRMS.Presenters.csproj", "{1E60EB19-1569-4BA3-ABC5-9EE2848549B2}"
EndProject
Project("{9A19103F-16F7-4668-BE54-9A1E7A4F7556}") = "DosPinos.HRMS.EFCore", "DosPinos.HRMS.EFCore\DosPinos.HRMS.EFCore.csproj", "{DAB3DA89-1B7B-463D-8EBE-0DC1085CB904}"
EndProject
Project("{FAE04EC0-301F-11D3-BF4B-00C04F79EFBC}") = "DosPinos.HRMS.Controllers", "DosPinos.HRMS.Controllers\DosPinos.HRMS.Controllers.csproj", "{E1FC6F9D-F34B-4C57-B65F-0705DBFE9527}"
EndProject
Project("{FAE04EC0-301F-11D3-BF4B-00C04F79EFBC}") = "DosPinos.HRMS.WebApp", "DosPinos.HRMS.WebApp\DosPinos.HRMS.WebApp.csproj", "{7D096957-4194-4392-9D46-952F2496D641}"
EndProject
Global
	GlobalSection(SolutionConfigurationPlatforms) = preSolution
		Debug|Any CPU = Debug|Any CPU
		Release|Any CPU = Release|Any CPU
	EndGlobalSection
	GlobalSection(ProjectConfigurationPlatforms) = postSolution
		{3703FDC3-9E97-4263-90AB-F87156E6A82F}.Debug|Any CPU.ActiveCfg = Debug|Any CPU
		{3703FDC3-9E97-4263-90AB-F87156E6A82F}.Debug|Any CPU.Build.0 = Debug|Any CPU
		{3703FDC3-9E97-4263-90AB-F87156E6A82F}.Release|Any CPU.ActiveCfg = Release|Any CPU
		{3703FDC3-9E97-4263-90AB-F87156E6A82F}.Release|Any CPU.Build.0 = Release|Any CPU
		{F33BCEA1-8C7B-4B54-9D37-A91E5F740EDB}.Debug|Any CPU.ActiveCfg = Debug|Any CPU
		{F33BCEA1-8C7B-4B54-9D37-A91E5F740EDB}.Debug|Any CPU.Build.0 = Debug|Any CPU
		{F33BCEA1-8C7B-4B54-9D37-A91E5F740EDB}.Release|Any CPU.ActiveCfg = Release|Any CPU
		{F33BCEA1-8C7B-4B54-9D37-A91E5F740EDB}.Release|Any CPU.Build.0 = Release|Any CPU
		{769B07F0-A475-4D17-A20E-6EFD2AB6CAB2}.Debug|Any CPU.ActiveCfg = Debug|Any CPU
		{769B07F0-A475-4D17-A20E-6EFD2AB6CAB2}.Debug|Any CPU.Build.0 = Debug|Any CPU
		{769B07F0-A475-4D17-A20E-6EFD2AB6CAB2}.Release|Any CPU.ActiveCfg = Release|Any CPU
		{769B07F0-A475-4D17-A20E-6EFD2AB6CAB2}.Release|Any CPU.Build.0 = Release|Any CPU
		{9E908BA5-462D-4217-BDE5-4AAB07AC382B}.Debug|Any CPU.ActiveCfg = Debug|Any CPU
		{9E908BA5-462D-4217-BDE5-4AAB07AC382B}.Debug|Any CPU.Build.0 = Debug|Any CPU
		{9E908BA5-462D-4217-BDE5-4AAB07AC382B}.Release|Any CPU.ActiveCfg = Release|Any CPU
		{9E908BA5-462D-4217-BDE5-4AAB07AC382B}.Release|Any CPU.Build.0 = Release|Any CPU
		{1E60EB19-1569-4BA3-ABC5-9EE2848549B2}.Debug|Any CPU.ActiveCfg = Debug|Any CPU
		{1E60EB19-1569-4BA3-ABC5-9EE2848549B2}.Debug|Any CPU.Build.0 = Debug|Any CPU
		{1E60EB19-1569-4BA3-ABC5-9EE2848549B2}.Release|Any CPU.ActiveCfg = Release|Any CPU
		{1E60EB19-1569-4BA3-ABC5-9EE2848549B2}.Release|Any CPU.Build.0 = Release|Any CPU
		{DAB3DA89-1B7B-463D-8EBE-0DC1085CB904}.Debug|Any CPU.ActiveCfg = Debug|Any CPU
		{DAB3DA89-1B7B-463D-8EBE-0DC1085CB904}.Debug|Any CPU.Build.0 = Debug|Any CPU
		{DAB3DA89-1B7B-463D-8EBE-0DC1085CB904}.Release|Any CPU.ActiveCfg = Release|Any CPU
		{DAB3DA89-1B7B-463D-8EBE-0DC1085CB904}.Release|Any CPU.Build.0 = Release|Any CPU
		{E1FC6F9D-F34B-4C57-B65F-0705DBFE9527}.Debug|Any CPU.ActiveCfg = Debug|Any CPU
		{E1FC6F9D-F34B-4C57-B65F-0705DBFE9527}.Debug|Any CPU.Build.0 = Debug|Any CPU
		{E1FC6F9D-F34B-4C57-B65F-0705DBFE9527}.Release|Any CPU.ActiveCfg = Release|Any CPU
		{E1FC6F9D-F34B-4C57-B65F-0705DBFE9527}.Release|Any CPU.Build.0 = Release|Any CPU
		{7D096957-4194-4392-9D46-952F2496D641}.Debug|Any CPU.ActiveCfg = Debug|Any CPU
		{7D096957-4194-4392-9D46-952F2496D641}.Debug|Any CPU.Build.0 = Debug|Any CPU
		{7D096957-4194-4392-9D46-952F2496D641}.Release|Any CPU.ActiveCfg = Release|Any CPU
		{7D096957-4194-4392-9D46-952F2496D641}.Release|Any CPU.Build.0 = Release|Any CPU
	EndGlobalSection
	GlobalSection(SolutionProperties) = preSolution
		HideSolutionNode = FALSE
	EndGlobalSection
	GlobalSection(NestedProjects) = preSolution
		{3703FDC3-9E97-4263-90AB-F87156E6A82F} = {DAAEC522-343C-47CB-9A91-CA702EF891D4}
		{F33BCEA1-8C7B-4B54-9D37-A91E5F740EDB} = {BEADACA2-68CB-47B7-B22A-B57018FA6ED5}
		{769B07F0-A475-4D17-A20E-6EFD2AB6CAB2} = {BEADACA2-68CB-47B7-B22A-B57018FA6ED5}
		{F425083F-318A-4AA1-B14A-13430ABE9D1D} = {64E20B58-4FF1-453F-BC5A-5C69D12BCFDE}
		{CC1FBAA0-0099-49DA-B246-7AB243271004} = {64E20B58-4FF1-453F-BC5A-5C69D12BCFDE}
		{11AC92AD-6287-405B-B4A8-AFA2DA4807F2} = {64E20B58-4FF1-453F-BC5A-5C69D12BCFDE}
		{9E908BA5-462D-4217-BDE5-4AAB07AC382B} = {64E20B58-4FF1-453F-BC5A-5C69D12BCFDE}
		{1E60EB19-1569-4BA3-ABC5-9EE2848549B2} = {CC1FBAA0-0099-49DA-B246-7AB243271004}
		{DAB3DA89-1B7B-463D-8EBE-0DC1085CB904} = {11AC92AD-6287-405B-B4A8-AFA2DA4807F2}
		{E1FC6F9D-F34B-4C57-B65F-0705DBFE9527} = {F425083F-318A-4AA1-B14A-13430ABE9D1D}
		{7D096957-4194-4392-9D46-952F2496D641} = {6F89AD58-0B1C-484A-899B-1F53F3DEC5D2}
	EndGlobalSection
	GlobalSection(ExtensibilityGlobals) = postSolution
		SolutionGuid = {640ED5AA-1484-4E90-BA71-87A3A038EC7D}
	EndGlobalSection
EndGlobal
